
Microsoft Visual Studio Solution File, Format Version 12.00
# Visual Studio Version 16
VisualStudioVersion = 16.0.32802.440
MinimumVisualStudioVersion = 10.0.40219.1
Project("{FAE04EC0-301F-11D3-BF4B-00C04F79EFBC}") = "MyTPModule4.Android", "MyTPModule4\MyTPModule4.Android\MyTPModule4.Android.csproj", "{E630AE9D-D3AC-4076-9474-1D533DFCFE12}"
EndProject
Project("{FAE04EC0-301F-11D3-BF4B-00C04F79EFBC}") = "MyTPModule4.iOS", "MyTPModule4\MyTPModule4.iOS\MyTPModule4.iOS.csproj", "{DAB3AB3A-DE10-48E6-B9B2-83C86E414D4C}"
EndProject
Project("{FAE04EC0-301F-11D3-BF4B-00C04F79EFBC}") = "MyTPModule4", "MyTPModule4\MyTPModule4\MyTPModule4.csproj", "{02A1B1F9-6B42-4C51-AFC9-9405E28C23E5}"
EndProject
Global
	GlobalSection(SolutionConfigurationPlatforms) = preSolution
		Debug|Any CPU = Debug|Any CPU
		Debug|iPhone = Debug|iPhone
		Debug|iPhoneSimulator = Debug|iPhoneSimulator
		Release|Any CPU = Release|Any CPU
		Release|iPhone = Release|iPhone
		Release|iPhoneSimulator = Release|iPhoneSimulator
	EndGlobalSection
	GlobalSection(ProjectConfigurationPlatforms) = postSolution
		{E630AE9D-D3AC-4076-9474-1D533DFCFE12}.Debug|Any CPU.ActiveCfg = Debug|Any CPU
		{E630AE9D-D3AC-4076-9474-1D533DFCFE12}.Debug|Any CPU.Build.0 = Debug|Any CPU
		{E630AE9D-D3AC-4076-9474-1D533DFCFE12}.Debug|Any CPU.Deploy.0 = Debug|Any CPU
		{E630AE9D-D3AC-4076-9474-1D533DFCFE12}.Debug|iPhone.ActiveCfg = Debug|Any CPU
		{E630AE9D-D3AC-4076-9474-1D533DFCFE12}.Debug|iPhone.Build.0 = Debug|Any CPU
		{E630AE9D-D3AC-4076-9474-1D533DFCFE12}.Debug|iPhone.Deploy.0 = Debug|Any CPU
		{E630AE9D-D3AC-4076-9474-1D533DFCFE12}.Debug|iPhoneSimulator.ActiveCfg = Debug|Any CPU
		{E630AE9D-D3AC-4076-9474-1D533DFCFE12}.Debug|iPhoneSimulator.Build.0 = Debug|Any CPU
		{E630AE9D-D3AC-4076-9474-1D533DFCFE12}.Debug|iPhoneSimulator.Deploy.0 = Debug|Any CPU
		{E630AE9D-D3AC-4076-9474-1D533DFCFE12}.Release|Any CPU.ActiveCfg = Release|Any CPU
		{E630AE9D-D3AC-4076-9474-1D533DFCFE12}.Release|Any CPU.Build.0 = Release|Any CPU
		{E630AE9D-D3AC-4076-9474-1D533DFCFE12}.Release|Any CPU.Deploy.0 = Release|Any CPU
		{E630AE9D-D3AC-4076-9474-1D533DFCFE12}.Release|iPhone.ActiveCfg = Release|Any CPU
		{E630AE9D-D3AC-4076-9474-1D533DFCFE12}.Release|iPhone.Build.0 = Release|Any CPU
		{E630AE9D-D3AC-4076-9474-1D533DFCFE12}.Release|iPhone.Deploy.0 = Release|Any CPU
		{E630AE9D-D3AC-4076-9474-1D533DFCFE12}.Release|iPhoneSimulator.ActiveCfg = Release|Any CPU
		{E630AE9D-D3AC-4076-9474-1D533DFCFE12}.Release|iPhoneSimulator.Build.0 = Release|Any CPU
		{E630AE9D-D3AC-4076-9474-1D533DFCFE12}.Release|iPhoneSimulator.Deploy.0 = Release|Any CPU
		{DAB3AB3A-DE10-48E6-B9B2-83C86E414D4C}.Debug|Any CPU.ActiveCfg = Debug|iPhone
		{DAB3AB3A-DE10-48E6-B9B2-83C86E414D4C}.Debug|Any CPU.Build.0 = Debug|iPhone
		{DAB3AB3A-DE10-48E6-B9B2-83C86E414D4C}.Debug|Any CPU.Deploy.0 = Debug|iPhone
		{DAB3AB3A-DE10-48E6-B9B2-83C86E414D4C}.Debug|iPhone.ActiveCfg = Debug|iPhone
		{DAB3AB3A-DE10-48E6-B9B2-83C86E414D4C}.Debug|iPhone.Build.0 = Debug|iPhone
		{DAB3AB3A-DE10-48E6-B9B2-83C86E414D4C}.Debug|iPhone.Deploy.0 = Debug|iPhone
		{DAB3AB3A-DE10-48E6-B9B2-83C86E414D4C}.Debug|iPhoneSimulator.ActiveCfg = Debug|iPhoneSimulator
		{DAB3AB3A-DE10-48E6-B9B2-83C86E414D4C}.Debug|iPhoneSimulator.Build.0 = Debug|iPhoneSimulator
		{DAB3AB3A-DE10-48E6-B9B2-83C86E414D4C}.Debug|iPhoneSimulator.Deploy.0 = Debug|iPhoneSimulator
		{DAB3AB3A-DE10-48E6-B9B2-83C86E414D4C}.Release|Any CPU.ActiveCfg = Release|iPhoneSimulator
		{DAB3AB3A-DE10-48E6-B9B2-83C86E414D4C}.Release|Any CPU.Build.0 = Release|iPhoneSimulator
		{DAB3AB3A-DE10-48E6-B9B2-83C86E414D4C}.Release|Any CPU.Deploy.0 = Release|iPhoneSimulator
		{DAB3AB3A-DE10-48E6-B9B2-83C86E414D4C}.Release|iPhone.ActiveCfg = Release|iPhone
		{DAB3AB3A-DE10-48E6-B9B2-83C86E414D4C}.Release|iPhone.Build.0 = Release|iPhone
		{DAB3AB3A-DE10-48E6-B9B2-83C86E414D4C}.Release|iPhone.Deploy.0 = Release|iPhone
		{DAB3AB3A-DE10-48E6-B9B2-83C86E414D4C}.Release|iPhoneSimulator.ActiveCfg = Release|iPhoneSimulator
		{DAB3AB3A-DE10-48E6-B9B2-83C86E414D4C}.Release|iPhoneSimulator.Build.0 = Release|iPhoneSimulator
		{DAB3AB3A-DE10-48E6-B9B2-83C86E414D4C}.Release|iPhoneSimulator.Deploy.0 = Release|iPhoneSimulator
		{02A1B1F9-6B42-4C51-AFC9-9405E28C23E5}.Debug|Any CPU.ActiveCfg = Debug|Any CPU
		{02A1B1F9-6B42-4C51-AFC9-9405E28C23E5}.Debug|Any CPU.Build.0 = Debug|Any CPU
		{02A1B1F9-6B42-4C51-AFC9-9405E28C23E5}.Debug|Any CPU.Deploy.0 = Debug|Any CPU
		{02A1B1F9-6B42-4C51-AFC9-9405E28C23E5}.Debug|iPhone.ActiveCfg = Debug|Any CPU
		{02A1B1F9-6B42-4C51-AFC9-9405E28C23E5}.Debug|iPhone.Build.0 = Debug|Any CPU
		{02A1B1F9-6B42-4C51-AFC9-9405E28C23E5}.Debug|iPhone.Deploy.0 = Debug|Any CPU
		{02A1B1F9-6B42-4C51-AFC9-9405E28C23E5}.Debug|iPhoneSimulator.ActiveCfg = Debug|Any CPU
		{02A1B1F9-6B42-4C51-AFC9-9405E28C23E5}.Debug|iPhoneSimulator.Build.0 = Debug|Any CPU
		{02A1B1F9-6B42-4C51-AFC9-9405E28C23E5}.Debug|iPhoneSimulator.Deploy.0 = Debug|Any CPU
		{02A1B1F9-6B42-4C51-AFC9-9405E28C23E5}.Release|Any CPU.ActiveCfg = Release|Any CPU
		{02A1B1F9-6B42-4C51-AFC9-9405E28C23E5}.Release|Any CPU.Build.0 = Release|Any CPU
		{02A1B1F9-6B42-4C51-AFC9-9405E28C23E5}.Release|Any CPU.Deploy.0 = Release|Any CPU
		{02A1B1F9-6B42-4C51-AFC9-9405E28C23E5}.Release|iPhone.ActiveCfg = Release|Any CPU
		{02A1B1F9-6B42-4C51-AFC9-9405E28C23E5}.Release|iPhone.Build.0 = Release|Any CPU
		{02A1B1F9-6B42-4C51-AFC9-9405E28C23E5}.Release|iPhone.Deploy.0 = Release|Any CPU
		{02A1B1F9-6B42-4C51-AFC9-9405E28C23E5}.Release|iPhoneSimulator.ActiveCfg = Release|Any CPU
		{02A1B1F9-6B42-4C51-AFC9-9405E28C23E5}.Release|iPhoneSimulator.Build.0 = Release|Any CPU
		{02A1B1F9-6B42-4C51-AFC9-9405E28C23E5}.Release|iPhoneSimulator.Deploy.0 = Release|Any CPU
	EndGlobalSection
	GlobalSection(SolutionProperties) = preSolution
		HideSolutionNode = FALSE
	EndGlobalSection
	GlobalSection(ExtensibilityGlobals) = postSolution
		SolutionGuid = {AB322D04-7415-4501-B869-81ACBE2BBA68}
	EndGlobalSection
EndGlobal
